
Microsoft Visual Studio Solution File, Format Version 12.00
# Visual Studio 14
VisualStudioVersion = 14.0.25420.1
MinimumVisualStudioVersion = 10.0.40219.1
Project("{2150E333-8FDC-42A3-9474-1A3956D46DE8}") = "src", "src", "{7ADED41C-4445-442D-8C4D-56BD04DB532E}"
EndProject
Project("{2150E333-8FDC-42A3-9474-1A3956D46DE8}") = "Solution Items", "Solution Items", "{0DE62829-06F2-4385-81C5-FABC0925BADB}"
	ProjectSection(SolutionItems) = preProject
		global.json = global.json
	EndProjectSection
EndProject
Project("{8BB2217D-0F2D-49D1-97BC-3654ED321F3B}") = "FileFinder", "src\FileFinder\FileFinder.xproj", "{75C7C5CA-CCC9-46E0-858B-26263CFA3311}"
EndProject
Project("{FAE04EC0-301F-11D3-BF4B-00C04F79EFBC}") = "OrganizeFiles", "OrganizeFiles\OrganizeFiles.csproj", "{6DBF2636-05AA-4C1A-A6D6-35413B94A52B}"
EndProject
Global
	GlobalSection(SolutionConfigurationPlatforms) = preSolution
		Debug|Any CPU = Debug|Any CPU
		Release|Any CPU = Release|Any CPU
	EndGlobalSection
	GlobalSection(ProjectConfigurationPlatforms) = postSolution
		{75C7C5CA-CCC9-46E0-858B-26263CFA3311}.Debug|Any CPU.ActiveCfg = Debug|Any CPU
		{75C7C5CA-CCC9-46E0-858B-26263CFA3311}.Debug|Any CPU.Build.0 = Debug|Any CPU
		{75C7C5CA-CCC9-46E0-858B-26263CFA3311}.Release|Any CPU.ActiveCfg = Release|Any CPU
		{75C7C5CA-CCC9-46E0-858B-26263CFA3311}.Release|Any CPU.Build.0 = Release|Any CPU
		{6DBF2636-05AA-4C1A-A6D6-35413B94A52B}.Debug|Any CPU.ActiveCfg = Debug|Any CPU
		{6DBF2636-05AA-4C1A-A6D6-35413B94A52B}.Debug|Any CPU.Build.0 = Debug|Any CPU
		{6DBF2636-05AA-4C1A-A6D6-35413B94A52B}.Release|Any CPU.ActiveCfg = Release|Any CPU
		{6DBF2636-05AA-4C1A-A6D6-35413B94A52B}.Release|Any CPU.Build.0 = Release|Any CPU
	EndGlobalSection
	GlobalSection(SolutionProperties) = preSolution
		HideSolutionNode = FALSE
	EndGlobalSection
	GlobalSection(NestedProjects) = preSolution
		{75C7C5CA-CCC9-46E0-858B-26263CFA3311} = {7ADED41C-4445-442D-8C4D-56BD04DB532E}
	EndGlobalSection
EndGlobal
